
Microsoft Visual Studio Solution File, Format Version 12.00
# Visual Studio Version 16
VisualStudioVersion = 16.0.30011.22
MinimumVisualStudioVersion = 10.0.40219.1
Project("{9A19103F-16F7-4668-BE54-9A1E7A4F7556}") = "D301 Web_App", "D301 Web_App\D301 Web_App.csproj", "{97D031EE-25EB-49B6-B1A0-ED0E982AA61C}"
EndProject
Project("{9A19103F-16F7-4668-BE54-9A1E7A4F7556}") = "D311 Food_File_Import", "D311 Food_File_Import\D311 Food_File_Import.csproj", "{E92A7A1F-9A8E-4847-B2E2-6B6B0B178B72}"
EndProject
Project("{9A19103F-16F7-4668-BE54-9A1E7A4F7556}") = "D301 XUnitTest", "D301 XUnitTest\D301 XUnitTest.csproj", "{634BE535-1809-4425-A2A5-FA6C45ED9E60}"
EndProject
Global
	GlobalSection(SolutionConfigurationPlatforms) = preSolution
		Debug|Any CPU = Debug|Any CPU
		Release|Any CPU = Release|Any CPU
	EndGlobalSection
	GlobalSection(ProjectConfigurationPlatforms) = postSolution
		{97D031EE-25EB-49B6-B1A0-ED0E982AA61C}.Debug|Any CPU.ActiveCfg = Debug|Any CPU
		{97D031EE-25EB-49B6-B1A0-ED0E982AA61C}.Debug|Any CPU.Build.0 = Debug|Any CPU
		{97D031EE-25EB-49B6-B1A0-ED0E982AA61C}.Release|Any CPU.ActiveCfg = Release|Any CPU
		{97D031EE-25EB-49B6-B1A0-ED0E982AA61C}.Release|Any CPU.Build.0 = Release|Any CPU
		{E92A7A1F-9A8E-4847-B2E2-6B6B0B178B72}.Debug|Any CPU.ActiveCfg = Debug|Any CPU
		{E92A7A1F-9A8E-4847-B2E2-6B6B0B178B72}.Debug|Any CPU.Build.0 = Debug|Any CPU
		{E92A7A1F-9A8E-4847-B2E2-6B6B0B178B72}.Release|Any CPU.ActiveCfg = Release|Any CPU
		{E92A7A1F-9A8E-4847-B2E2-6B6B0B178B72}.Release|Any CPU.Build.0 = Release|Any CPU
		{634BE535-1809-4425-A2A5-FA6C45ED9E60}.Debug|Any CPU.ActiveCfg = Debug|Any CPU
		{634BE535-1809-4425-A2A5-FA6C45ED9E60}.Debug|Any CPU.Build.0 = Debug|Any CPU
		{634BE535-1809-4425-A2A5-FA6C45ED9E60}.Release|Any CPU.ActiveCfg = Release|Any CPU
		{634BE535-1809-4425-A2A5-FA6C45ED9E60}.Release|Any CPU.Build.0 = Release|Any CPU
	EndGlobalSection
	GlobalSection(SolutionProperties) = preSolution
		HideSolutionNode = FALSE
	EndGlobalSection
	GlobalSection(ExtensibilityGlobals) = postSolution
		SolutionGuid = {3B4CBD68-447C-4DB9-BC5C-7C152AE6A238}
	EndGlobalSection
EndGlobal
